// !$*UTF8*$!
{
	archiveVersion = 1;
	classes = {
	};
	objectVersion = 48;
	objects = {

/* Begin PBXBuildFile section */
		23D6D0ABD13AD5B54135CC95 /* Pods_Ryder.framework in Frameworks */ = {isa = PBXBuildFile; fileRef = 17950AD1DA3B0740AE99E02F /* Pods_Ryder.framework */; };
		EED187FB206F5E5000E85ACB /* AppDelegate.swift in Sources */ = {isa = PBXBuildFile; fileRef = EED187FA206F5E5000E85ACB /* AppDelegate.swift */; };
		EED187FD206F5E5000E85ACB /* MainTableViewController.swift in Sources */ = {isa = PBXBuildFile; fileRef = EED187FC206F5E5000E85ACB /* MainTableViewController.swift */; };
		EED18800206F5E5000E85ACB /* Main.storyboard in Resources */ = {isa = PBXBuildFile; fileRef = EED187FE206F5E5000E85ACB /* Main.storyboard */; };
		EED18802206F5E5000E85ACB /* Assets.xcassets in Resources */ = {isa = PBXBuildFile; fileRef = EED18801206F5E5000E85ACB /* Assets.xcassets */; };
		EED18805206F5E5000E85ACB /* LaunchScreen.storyboard in Resources */ = {isa = PBXBuildFile; fileRef = EED18803206F5E5000E85ACB /* LaunchScreen.storyboard */; };
		EED18810206F5E5000E85ACB /* RyderTests.swift in Sources */ = {isa = PBXBuildFile; fileRef = EED1880F206F5E5000E85ACB /* RyderTests.swift */; };
		EED1881B206F5E5100E85ACB /* RyderUITests.swift in Sources */ = {isa = PBXBuildFile; fileRef = EED1881A206F5E5100E85ACB /* RyderUITests.swift */; };
		EED1882A2070257100E85ACB /* GoogleService-Info.plist in Resources */ = {isa = PBXBuildFile; fileRef = EED188292070257100E85ACB /* GoogleService-Info.plist */; };
		EED1882C2070277C00E85ACB /* Globals.swift in Sources */ = {isa = PBXBuildFile; fileRef = EED1882B2070277C00E85ACB /* Globals.swift */; };
		F5977BFF24857003190636F3 /* Pods_RyderTests.framework in Frameworks */ = {isa = PBXBuildFile; fileRef = 31D0505D55DD511E29289C57 /* Pods_RyderTests.framework */; };
		F7A4A76A16770A68613FE674 /* Pods_RyderUITests.framework in Frameworks */ = {isa = PBXBuildFile; fileRef = 79754A742EC390B2CFFCB80D /* Pods_RyderUITests.framework */; };
/* End PBXBuildFile section */

/* Begin PBXContainerItemProxy section */
		EED1880C206F5E5000E85ACB /* PBXContainerItemProxy */ = {
			isa = PBXContainerItemProxy;
			containerPortal = EED187EF206F5E4F00E85ACB /* Project object */;
			proxyType = 1;
			remoteGlobalIDString = EED187F6206F5E5000E85ACB;
			remoteInfo = Ryder;
		};
		EED18817206F5E5000E85ACB /* PBXContainerItemProxy */ = {
			isa = PBXContainerItemProxy;
			containerPortal = EED187EF206F5E4F00E85ACB /* Project object */;
			proxyType = 1;
			remoteGlobalIDString = EED187F6206F5E5000E85ACB;
			remoteInfo = Ryder;
		};
/* End PBXContainerItemProxy section */

/* Begin PBXFileReference section */
		04CD8FC5262D5EEA27BB547B /* Pods-RyderTests.release.xcconfig */ = {isa = PBXFileReference; includeInIndex = 1; lastKnownFileType = text.xcconfig; name = "Pods-RyderTests.release.xcconfig"; path = "Pods/Target Support Files/Pods-RyderTests/Pods-RyderTests.release.xcconfig"; sourceTree = "<group>"; };
		17950AD1DA3B0740AE99E02F /* Pods_Ryder.framework */ = {isa = PBXFileReference; explicitFileType = wrapper.framework; includeInIndex = 0; path = Pods_Ryder.framework; sourceTree = BUILT_PRODUCTS_DIR; };
		31D0505D55DD511E29289C57 /* Pods_RyderTests.framework */ = {isa = PBXFileReference; explicitFileType = wrapper.framework; includeInIndex = 0; path = Pods_RyderTests.framework; sourceTree = BUILT_PRODUCTS_DIR; };
		45EC3F95611AE72A884EF50A /* Pods-Ryder.release.xcconfig */ = {isa = PBXFileReference; includeInIndex = 1; lastKnownFileType = text.xcconfig; name = "Pods-Ryder.release.xcconfig"; path = "Pods/Target Support Files/Pods-Ryder/Pods-Ryder.release.xcconfig"; sourceTree = "<group>"; };
		4C19C1A8354EBC97C1CC95CC /* Pods-RyderUITests.debug.xcconfig */ = {isa = PBXFileReference; includeInIndex = 1; lastKnownFileType = text.xcconfig; name = "Pods-RyderUITests.debug.xcconfig"; path = "Pods/Target Support Files/Pods-RyderUITests/Pods-RyderUITests.debug.xcconfig"; sourceTree = "<group>"; };
		5E51BAE9E63ECEA6DC46C057 /* Pods-RyderUITests.release.xcconfig */ = {isa = PBXFileReference; includeInIndex = 1; lastKnownFileType = text.xcconfig; name = "Pods-RyderUITests.release.xcconfig"; path = "Pods/Target Support Files/Pods-RyderUITests/Pods-RyderUITests.release.xcconfig"; sourceTree = "<group>"; };
		79754A742EC390B2CFFCB80D /* Pods_RyderUITests.framework */ = {isa = PBXFileReference; explicitFileType = wrapper.framework; includeInIndex = 0; path = Pods_RyderUITests.framework; sourceTree = BUILT_PRODUCTS_DIR; };
		820A91D1DDB4CC6C3C51459A /* Pods-Ryder.debug.xcconfig */ = {isa = PBXFileReference; includeInIndex = 1; lastKnownFileType = text.xcconfig; name = "Pods-Ryder.debug.xcconfig"; path = "Pods/Target Support Files/Pods-Ryder/Pods-Ryder.debug.xcconfig"; sourceTree = "<group>"; };
		A0B0921D7D0EDA36D595F8E1 /* Pods-RyderTests.debug.xcconfig */ = {isa = PBXFileReference; includeInIndex = 1; lastKnownFileType = text.xcconfig; name = "Pods-RyderTests.debug.xcconfig"; path = "Pods/Target Support Files/Pods-RyderTests/Pods-RyderTests.debug.xcconfig"; sourceTree = "<group>"; };
		EED187F7206F5E5000E85ACB /* Ryder.app */ = {isa = PBXFileReference; explicitFileType = wrapper.application; includeInIndex = 0; path = Ryder.app; sourceTree = BUILT_PRODUCTS_DIR; };
		EED187FA206F5E5000E85ACB /* AppDelegate.swift */ = {isa = PBXFileReference; lastKnownFileType = sourcecode.swift; path = AppDelegate.swift; sourceTree = "<group>"; };
		EED187FC206F5E5000E85ACB /* MainTableViewController.swift */ = {isa = PBXFileReference; lastKnownFileType = sourcecode.swift; path = MainTableViewController.swift; sourceTree = "<group>"; };
		EED187FF206F5E5000E85ACB /* Base */ = {isa = PBXFileReference; lastKnownFileType = file.storyboard; name = Base; path = Base.lproj/Main.storyboard; sourceTree = "<group>"; };
		EED18801206F5E5000E85ACB /* Assets.xcassets */ = {isa = PBXFileReference; lastKnownFileType = folder.assetcatalog; path = Assets.xcassets; sourceTree = "<group>"; };
		EED18804206F5E5000E85ACB /* Base */ = {isa = PBXFileReference; lastKnownFileType = file.storyboard; name = Base; path = Base.lproj/LaunchScreen.storyboard; sourceTree = "<group>"; };
		EED18806206F5E5000E85ACB /* Info.plist */ = {isa = PBXFileReference; lastKnownFileType = text.plist.xml; path = Info.plist; sourceTree = "<group>"; };
		EED1880B206F5E5000E85ACB /* RyderTests.xctest */ = {isa = PBXFileReference; explicitFileType = wrapper.cfbundle; includeInIndex = 0; path = RyderTests.xctest; sourceTree = BUILT_PRODUCTS_DIR; };
		EED1880F206F5E5000E85ACB /* RyderTests.swift */ = {isa = PBXFileReference; lastKnownFileType = sourcecode.swift; path = RyderTests.swift; sourceTree = "<group>"; };
		EED18811206F5E5000E85ACB /* Info.plist */ = {isa = PBXFileReference; lastKnownFileType = text.plist.xml; path = Info.plist; sourceTree = "<group>"; };
		EED18816206F5E5000E85ACB /* RyderUITests.xctest */ = {isa = PBXFileReference; explicitFileType = wrapper.cfbundle; includeInIndex = 0; path = RyderUITests.xctest; sourceTree = BUILT_PRODUCTS_DIR; };
		EED1881A206F5E5100E85ACB /* RyderUITests.swift */ = {isa = PBXFileReference; lastKnownFileType = sourcecode.swift; path = RyderUITests.swift; sourceTree = "<group>"; };
		EED1881C206F5E5100E85ACB /* Info.plist */ = {isa = PBXFileReference; lastKnownFileType = text.plist.xml; path = Info.plist; sourceTree = "<group>"; };
		EED188292070257100E85ACB /* GoogleService-Info.plist */ = {isa = PBXFileReference; fileEncoding = 4; lastKnownFileType = text.plist.xml; path = "GoogleService-Info.plist"; sourceTree = "<group>"; };
		EED1882B2070277C00E85ACB /* Globals.swift */ = {isa = PBXFileReference; lastKnownFileType = sourcecode.swift; path = Globals.swift; sourceTree = "<group>"; };
		EED1882D2070282B00E85ACB /* Ryder.entitlements */ = {isa = PBXFileReference; lastKnownFileType = text.plist.entitlements; path = Ryder.entitlements; sourceTree = "<group>"; };
/* End PBXFileReference section */

/* Begin PBXFrameworksBuildPhase section */
		EED187F4206F5E5000E85ACB /* Frameworks */ = {
			isa = PBXFrameworksBuildPhase;
			buildActionMask = 2147483647;
			files = (
				23D6D0ABD13AD5B54135CC95 /* Pods_Ryder.framework in Frameworks */,
			);
			runOnlyForDeploymentPostprocessing = 0;
		};
		EED18808206F5E5000E85ACB /* Frameworks */ = {
			isa = PBXFrameworksBuildPhase;
			buildActionMask = 2147483647;
			files = (
				F5977BFF24857003190636F3 /* Pods_RyderTests.framework in Frameworks */,
			);
			runOnlyForDeploymentPostprocessing = 0;
		};
		EED18813206F5E5000E85ACB /* Frameworks */ = {
			isa = PBXFrameworksBuildPhase;
			buildActionMask = 2147483647;
			files = (
				F7A4A76A16770A68613FE674 /* Pods_RyderUITests.framework in Frameworks */,
			);
			runOnlyForDeploymentPostprocessing = 0;
		};
/* End PBXFrameworksBuildPhase section */

/* Begin PBXGroup section */
		4BB2E0027EB6DC81BD86E37F /* Pods */ = {
			isa = PBXGroup;
			children = (
				820A91D1DDB4CC6C3C51459A /* Pods-Ryder.debug.xcconfig */,
				45EC3F95611AE72A884EF50A /* Pods-Ryder.release.xcconfig */,
				A0B0921D7D0EDA36D595F8E1 /* Pods-RyderTests.debug.xcconfig */,
				04CD8FC5262D5EEA27BB547B /* Pods-RyderTests.release.xcconfig */,
				4C19C1A8354EBC97C1CC95CC /* Pods-RyderUITests.debug.xcconfig */,
				5E51BAE9E63ECEA6DC46C057 /* Pods-RyderUITests.release.xcconfig */,
			);
			name = Pods;
			sourceTree = "<group>";
		};
		C49630EFF453E808AB0C1F80 /* Frameworks */ = {
			isa = PBXGroup;
			children = (
				17950AD1DA3B0740AE99E02F /* Pods_Ryder.framework */,
				31D0505D55DD511E29289C57 /* Pods_RyderTests.framework */,
				79754A742EC390B2CFFCB80D /* Pods_RyderUITests.framework */,
			);
			name = Frameworks;
			sourceTree = "<group>";
		};
		EED187EE206F5E4F00E85ACB = {
			isa = PBXGroup;
			children = (
				EED187F9206F5E5000E85ACB /* Ryder */,
				EED1880E206F5E5000E85ACB /* RyderTests */,
				EED18819206F5E5000E85ACB /* RyderUITests */,
				EED187F8206F5E5000E85ACB /* Products */,
				4BB2E0027EB6DC81BD86E37F /* Pods */,
				C49630EFF453E808AB0C1F80 /* Frameworks */,
			);
			sourceTree = "<group>";
		};
		EED187F8206F5E5000E85ACB /* Products */ = {
			isa = PBXGroup;
			children = (
				EED187F7206F5E5000E85ACB /* Ryder.app */,
				EED1880B206F5E5000E85ACB /* RyderTests.xctest */,
				EED18816206F5E5000E85ACB /* RyderUITests.xctest */,
			);
			name = Products;
			sourceTree = "<group>";
		};
		EED187F9206F5E5000E85ACB /* Ryder */ = {
			isa = PBXGroup;
			children = (
				EED1882D2070282B00E85ACB /* Ryder.entitlements */,
				EED187FA206F5E5000E85ACB /* AppDelegate.swift */,
				EED1882B2070277C00E85ACB /* Globals.swift */,
				EED18828207016E300E85ACB /* View Controllers */,
				EED187FE206F5E5000E85ACB /* Main.storyboard */,
				EED18803206F5E5000E85ACB /* LaunchScreen.storyboard */,
				EED18801206F5E5000E85ACB /* Assets.xcassets */,
				EED18806206F5E5000E85ACB /* Info.plist */,
				EED188292070257100E85ACB /* GoogleService-Info.plist */,
			);
			path = Ryder;
			sourceTree = "<group>";
		};
		EED1880E206F5E5000E85ACB /* RyderTests */ = {
			isa = PBXGroup;
			children = (
				EED1880F206F5E5000E85ACB /* RyderTests.swift */,
				EED18811206F5E5000E85ACB /* Info.plist */,
			);
			path = RyderTests;
			sourceTree = "<group>";
		};
		EED18819206F5E5000E85ACB /* RyderUITests */ = {
			isa = PBXGroup;
			children = (
				EED1881A206F5E5100E85ACB /* RyderUITests.swift */,
				EED1881C206F5E5100E85ACB /* Info.plist */,
			);
			path = RyderUITests;
			sourceTree = "<group>";
		};
		EED18828207016E300E85ACB /* View Controllers */ = {
			isa = PBXGroup;
			children = (
				EED187FC206F5E5000E85ACB /* MainTableViewController.swift */,
			);
			path = "View Controllers";
			sourceTree = "<group>";
		};
/* End PBXGroup section */

/* Begin PBXNativeTarget section */
		EED187F6206F5E5000E85ACB /* Ryder */ = {
			isa = PBXNativeTarget;
			buildConfigurationList = EED1881F206F5E5100E85ACB /* Build configuration list for PBXNativeTarget "Ryder" */;
			buildPhases = (
				384F870F099C2AAAC73DFBA9 /* [CP] Check Pods Manifest.lock */,
				EED187F3206F5E5000E85ACB /* Sources */,
				EED187F4206F5E5000E85ACB /* Frameworks */,
				EED187F5206F5E5000E85ACB /* Resources */,
				67FCE5B43FB92E6B022CDFAB /* [CP] Embed Pods Frameworks */,
				D83B4458A00BCA0FEA85620C /* [CP] Copy Pods Resources */,
			);
			buildRules = (
			);
			dependencies = (
			);
			name = Ryder;
			productName = Ryder;
			productReference = EED187F7206F5E5000E85ACB /* Ryder.app */;
			productType = "com.apple.product-type.application";
		};
		EED1880A206F5E5000E85ACB /* RyderTests */ = {
			isa = PBXNativeTarget;
			buildConfigurationList = EED18822206F5E5100E85ACB /* Build configuration list for PBXNativeTarget "RyderTests" */;
			buildPhases = (
				2FDF4BD3330363D0029296C6 /* [CP] Check Pods Manifest.lock */,
				EED18807206F5E5000E85ACB /* Sources */,
				EED18808206F5E5000E85ACB /* Frameworks */,
				EED18809206F5E5000E85ACB /* Resources */,
				745E4562314FE4E57FF4FCE1 /* [CP] Embed Pods Frameworks */,
				1F43FA3BC9C711BE19935B45 /* [CP] Copy Pods Resources */,
			);
			buildRules = (
			);
			dependencies = (
				EED1880D206F5E5000E85ACB /* PBXTargetDependency */,
			);
			name = RyderTests;
			productName = RyderTests;
			productReference = EED1880B206F5E5000E85ACB /* RyderTests.xctest */;
			productType = "com.apple.product-type.bundle.unit-test";
		};
		EED18815206F5E5000E85ACB /* RyderUITests */ = {
			isa = PBXNativeTarget;
			buildConfigurationList = EED18825206F5E5100E85ACB /* Build configuration list for PBXNativeTarget "RyderUITests" */;
			buildPhases = (
				646FE4E0C18DB176A89B9D0C /* [CP] Check Pods Manifest.lock */,
				EED18812206F5E5000E85ACB /* Sources */,
				EED18813206F5E5000E85ACB /* Frameworks */,
				EED18814206F5E5000E85ACB /* Resources */,
				A58BF8C901FAD74513C1C22B /* [CP] Embed Pods Frameworks */,
				A9E96BF6EE8962C8194FD3F6 /* [CP] Copy Pods Resources */,
			);
			buildRules = (
			);
			dependencies = (
				EED18818206F5E5000E85ACB /* PBXTargetDependency */,
			);
			name = RyderUITests;
			productName = RyderUITests;
			productReference = EED18816206F5E5000E85ACB /* RyderUITests.xctest */;
			productType = "com.apple.product-type.bundle.ui-testing";
		};
/* End PBXNativeTarget section */

/* Begin PBXProject section */
		EED187EF206F5E4F00E85ACB /* Project object */ = {
			isa = PBXProject;
			attributes = {
				LastSwiftUpdateCheck = 0920;
				LastUpgradeCheck = 0920;
				ORGANIZATIONNAME = "Kevin Tan";
				TargetAttributes = {
					EED187F6206F5E5000E85ACB = {
						CreatedOnToolsVersion = 9.2;
						ProvisioningStyle = Automatic;
						SystemCapabilities = {
							com.apple.Push = {
								enabled = 1;
							};
						};
					};
					EED1880A206F5E5000E85ACB = {
						CreatedOnToolsVersion = 9.2;
						ProvisioningStyle = Automatic;
						TestTargetID = EED187F6206F5E5000E85ACB;
					};
					EED18815206F5E5000E85ACB = {
						CreatedOnToolsVersion = 9.2;
						ProvisioningStyle = Automatic;
						TestTargetID = EED187F6206F5E5000E85ACB;
					};
				};
			};
			buildConfigurationList = EED187F2206F5E4F00E85ACB /* Build configuration list for PBXProject "Ryder" */;
			compatibilityVersion = "Xcode 8.0";
			developmentRegion = en;
			hasScannedForEncodings = 0;
			knownRegions = (
				en,
				Base,
			);
			mainGroup = EED187EE206F5E4F00E85ACB;
			productRefGroup = EED187F8206F5E5000E85ACB /* Products */;
			projectDirPath = "";
			projectRoot = "";
			targets = (
				EED187F6206F5E5000E85ACB /* Ryder */,
				EED1880A206F5E5000E85ACB /* RyderTests */,
				EED18815206F5E5000E85ACB /* RyderUITests */,
			);
		};
/* End PBXProject section */

/* Begin PBXResourcesBuildPhase section */
		EED187F5206F5E5000E85ACB /* Resources */ = {
			isa = PBXResourcesBuildPhase;
			buildActionMask = 2147483647;
			files = (
				EED18805206F5E5000E85ACB /* LaunchScreen.storyboard in Resources */,
				EED1882A2070257100E85ACB /* GoogleService-Info.plist in Resources */,
				EED18802206F5E5000E85ACB /* Assets.xcassets in Resources */,
				EED18800206F5E5000E85ACB /* Main.storyboard in Resources */,
			);
			runOnlyForDeploymentPostprocessing = 0;
		};
		EED18809206F5E5000E85ACB /* Resources */ = {
			isa = PBXResourcesBuildPhase;
			buildActionMask = 2147483647;
			files = (
			);
			runOnlyForDeploymentPostprocessing = 0;
		};
		EED18814206F5E5000E85ACB /* Resources */ = {
			isa = PBXResourcesBuildPhase;
			buildActionMask = 2147483647;
			files = (
			);
			runOnlyForDeploymentPostprocessing = 0;
		};
/* End PBXResourcesBuildPhase section */

/* Begin PBXShellScriptBuildPhase section */
		1F43FA3BC9C711BE19935B45 /* [CP] Copy Pods Resources */ = {
			isa = PBXShellScriptBuildPhase;
			buildActionMask = 2147483647;
			files = (
			);
			inputPaths = (
			);
			name = "[CP] Copy Pods Resources";
			outputPaths = (
			);
			runOnlyForDeploymentPostprocessing = 0;
			shellPath = /bin/sh;
			shellScript = "\"${SRCROOT}/Pods/Target Support Files/Pods-RyderTests/Pods-RyderTests-resources.sh\"\n";
			showEnvVarsInLog = 0;
		};
		2FDF4BD3330363D0029296C6 /* [CP] Check Pods Manifest.lock */ = {
			isa = PBXShellScriptBuildPhase;
			buildActionMask = 2147483647;
			files = (
			);
			inputPaths = (
				"${PODS_PODFILE_DIR_PATH}/Podfile.lock",
				"${PODS_ROOT}/Manifest.lock",
			);
			name = "[CP] Check Pods Manifest.lock";
			outputPaths = (
				"$(DERIVED_FILE_DIR)/Pods-RyderTests-checkManifestLockResult.txt",
			);
			runOnlyForDeploymentPostprocessing = 0;
			shellPath = /bin/sh;
			shellScript = "diff \"${PODS_PODFILE_DIR_PATH}/Podfile.lock\" \"${PODS_ROOT}/Manifest.lock\" > /dev/null\nif [ $? != 0 ] ; then\n    # print error to STDERR\n    echo \"error: The sandbox is not in sync with the Podfile.lock. Run 'pod install' or update your CocoaPods installation.\" >&2\n    exit 1\nfi\n# This output is used by Xcode 'outputs' to avoid re-running this script phase.\necho \"SUCCESS\" > \"${SCRIPT_OUTPUT_FILE_0}\"\n";
			showEnvVarsInLog = 0;
		};
		384F870F099C2AAAC73DFBA9 /* [CP] Check Pods Manifest.lock */ = {
			isa = PBXShellScriptBuildPhase;
			buildActionMask = 2147483647;
			files = (
			);
			inputPaths = (
				"${PODS_PODFILE_DIR_PATH}/Podfile.lock",
				"${PODS_ROOT}/Manifest.lock",
			);
			name = "[CP] Check Pods Manifest.lock";
			outputPaths = (
				"$(DERIVED_FILE_DIR)/Pods-Ryder-checkManifestLockResult.txt",
			);
			runOnlyForDeploymentPostprocessing = 0;
			shellPath = /bin/sh;
			shellScript = "diff \"${PODS_PODFILE_DIR_PATH}/Podfile.lock\" \"${PODS_ROOT}/Manifest.lock\" > /dev/null\nif [ $? != 0 ] ; then\n    # print error to STDERR\n    echo \"error: The sandbox is not in sync with the Podfile.lock. Run 'pod install' or update your CocoaPods installation.\" >&2\n    exit 1\nfi\n# This output is used by Xcode 'outputs' to avoid re-running this script phase.\necho \"SUCCESS\" > \"${SCRIPT_OUTPUT_FILE_0}\"\n";
			showEnvVarsInLog = 0;
		};
		646FE4E0C18DB176A89B9D0C /* [CP] Check Pods Manifest.lock */ = {
			isa = PBXShellScriptBuildPhase;
			buildActionMask = 2147483647;
			files = (
			);
			inputPaths = (
				"${PODS_PODFILE_DIR_PATH}/Podfile.lock",
				"${PODS_ROOT}/Manifest.lock",
			);
			name = "[CP] Check Pods Manifest.lock";
			outputPaths = (
				"$(DERIVED_FILE_DIR)/Pods-RyderUITests-checkManifestLockResult.txt",
			);
			runOnlyForDeploymentPostprocessing = 0;
			shellPath = /bin/sh;
			shellScript = "diff \"${PODS_PODFILE_DIR_PATH}/Podfile.lock\" \"${PODS_ROOT}/Manifest.lock\" > /dev/null\nif [ $? != 0 ] ; then\n    # print error to STDERR\n    echo \"error: The sandbox is not in sync with the Podfile.lock. Run 'pod install' or update your CocoaPods installation.\" >&2\n    exit 1\nfi\n# This output is used by Xcode 'outputs' to avoid re-running this script phase.\necho \"SUCCESS\" > \"${SCRIPT_OUTPUT_FILE_0}\"\n";
			showEnvVarsInLog = 0;
		};
		67FCE5B43FB92E6B022CDFAB /* [CP] Embed Pods Frameworks */ = {
			isa = PBXShellScriptBuildPhase;
			buildActionMask = 2147483647;
			files = (
			);
			inputPaths = (
				"${SRCROOT}/Pods/Target Support Files/Pods-Ryder/Pods-Ryder-frameworks.sh",
				"${PODS_ROOT}/Gimbal/Frameworks/Gimbal.framework",
				"${BUILT_PRODUCTS_DIR}/GoogleToolboxForMac/GoogleToolboxForMac.framework",
				"${BUILT_PRODUCTS_DIR}/leveldb-library/leveldb.framework",
				"${BUILT_PRODUCTS_DIR}/nanopb/nanopb.framework",
			);
			name = "[CP] Embed Pods Frameworks";
			outputPaths = (
				"${TARGET_BUILD_DIR}/${FRAMEWORKS_FOLDER_PATH}/Gimbal.framework",
				"${TARGET_BUILD_DIR}/${FRAMEWORKS_FOLDER_PATH}/GoogleToolboxForMac.framework",
				"${TARGET_BUILD_DIR}/${FRAMEWORKS_FOLDER_PATH}/leveldb.framework",
				"${TARGET_BUILD_DIR}/${FRAMEWORKS_FOLDER_PATH}/nanopb.framework",
			);
			runOnlyForDeploymentPostprocessing = 0;
			shellPath = /bin/sh;
			shellScript = "\"${SRCROOT}/Pods/Target Support Files/Pods-Ryder/Pods-Ryder-frameworks.sh\"\n";
			showEnvVarsInLog = 0;
		};
		745E4562314FE4E57FF4FCE1 /* [CP] Embed Pods Frameworks */ = {
			isa = PBXShellScriptBuildPhase;
			buildActionMask = 2147483647;
			files = (
			);
			inputPaths = (
			);
			name = "[CP] Embed Pods Frameworks";
			outputPaths = (
			);
			runOnlyForDeploymentPostprocessing = 0;
			shellPath = /bin/sh;
			shellScript = "\"${SRCROOT}/Pods/Target Support Files/Pods-RyderTests/Pods-RyderTests-frameworks.sh\"\n";
			showEnvVarsInLog = 0;
		};
		A58BF8C901FAD74513C1C22B /* [CP] Embed Pods Frameworks */ = {
			isa = PBXShellScriptBuildPhase;
			buildActionMask = 2147483647;
			files = (
			);
			inputPaths = (
			);
			name = "[CP] Embed Pods Frameworks";
			outputPaths = (
			);
			runOnlyForDeploymentPostprocessing = 0;
			shellPath = /bin/sh;
			shellScript = "\"${SRCROOT}/Pods/Target Support Files/Pods-RyderUITests/Pods-RyderUITests-frameworks.sh\"\n";
			showEnvVarsInLog = 0;
		};
		A9E96BF6EE8962C8194FD3F6 /* [CP] Copy Pods Resources */ = {
			isa = PBXShellScriptBuildPhase;
			buildActionMask = 2147483647;
			files = (
			);
			inputPaths = (
			);
			name = "[CP] Copy Pods Resources";
			outputPaths = (
			);
			runOnlyForDeploymentPostprocessing = 0;
			shellPath = /bin/sh;
			shellScript = "\"${SRCROOT}/Pods/Target Support Files/Pods-RyderUITests/Pods-RyderUITests-resources.sh\"\n";
			showEnvVarsInLog = 0;
		};
		D83B4458A00BCA0FEA85620C /* [CP] Copy Pods Resources */ = {
			isa = PBXShellScriptBuildPhase;
			buildActionMask = 2147483647;
			files = (
			);
			inputPaths = (
			);
			name = "[CP] Copy Pods Resources";
			outputPaths = (
			);
			runOnlyForDeploymentPostprocessing = 0;
			shellPath = /bin/sh;
			shellScript = "\"${SRCROOT}/Pods/Target Support Files/Pods-Ryder/Pods-Ryder-resources.sh\"\n";
			showEnvVarsInLog = 0;
		};
/* End PBXShellScriptBuildPhase section */

/* Begin PBXSourcesBuildPhase section */
		EED187F3206F5E5000E85ACB /* Sources */ = {
			isa = PBXSourcesBuildPhase;
			buildActionMask = 2147483647;
			files = (
				EED187FD206F5E5000E85ACB /* MainTableViewController.swift in Sources */,
				EED187FB206F5E5000E85ACB /* AppDelegate.swift in Sources */,
				EED1882C2070277C00E85ACB /* Globals.swift in Sources */,
			);
			runOnlyForDeploymentPostprocessing = 0;
		};
		EED18807206F5E5000E85ACB /* Sources */ = {
			isa = PBXSourcesBuildPhase;
			buildActionMask = 2147483647;
			files = (
				EED18810206F5E5000E85ACB /* RyderTests.swift in Sources */,
			);
			runOnlyForDeploymentPostprocessing = 0;
		};
		EED18812206F5E5000E85ACB /* Sources */ = {
			isa = PBXSourcesBuildPhase;
			buildActionMask = 2147483647;
			files = (
				EED1881B206F5E5100E85ACB /* RyderUITests.swift in Sources */,
			);
			runOnlyForDeploymentPostprocessing = 0;
		};
/* End PBXSourcesBuildPhase section */

/* Begin PBXTargetDependency section */
		EED1880D206F5E5000E85ACB /* PBXTargetDependency */ = {
			isa = PBXTargetDependency;
			target = EED187F6206F5E5000E85ACB /* Ryder */;
			targetProxy = EED1880C206F5E5000E85ACB /* PBXContainerItemProxy */;
		};
		EED18818206F5E5000E85ACB /* PBXTargetDependency */ = {
			isa = PBXTargetDependency;
			target = EED187F6206F5E5000E85ACB /* Ryder */;
			targetProxy = EED18817206F5E5000E85ACB /* PBXContainerItemProxy */;
		};
/* End PBXTargetDependency section */

/* Begin PBXVariantGroup section */
		EED187FE206F5E5000E85ACB /* Main.storyboard */ = {
			isa = PBXVariantGroup;
			children = (
				EED187FF206F5E5000E85ACB /* Base */,
			);
			name = Main.storyboard;
			sourceTree = "<group>";
		};
		EED18803206F5E5000E85ACB /* LaunchScreen.storyboard */ = {
			isa = PBXVariantGroup;
			children = (
				EED18804206F5E5000E85ACB /* Base */,
			);
			name = LaunchScreen.storyboard;
			sourceTree = "<group>";
		};
/* End PBXVariantGroup section */

/* Begin XCBuildConfiguration section */
		EED1881D206F5E5100E85ACB /* Debug */ = {
			isa = XCBuildConfiguration;
			buildSettings = {
				ALWAYS_SEARCH_USER_PATHS = NO;
				CLANG_ANALYZER_NONNULL = YES;
				CLANG_ANALYZER_NUMBER_OBJECT_CONVERSION = YES_AGGRESSIVE;
				CLANG_CXX_LANGUAGE_STANDARD = "gnu++14";
				CLANG_CXX_LIBRARY = "libc++";
				CLANG_ENABLE_MODULES = YES;
				CLANG_ENABLE_OBJC_ARC = YES;
				CLANG_WARN_BLOCK_CAPTURE_AUTORELEASING = YES;
				CLANG_WARN_BOOL_CONVERSION = YES;
				CLANG_WARN_COMMA = YES;
				CLANG_WARN_CONSTANT_CONVERSION = YES;
				CLANG_WARN_DIRECT_OBJC_ISA_USAGE = YES_ERROR;
				CLANG_WARN_DOCUMENTATION_COMMENTS = YES;
				CLANG_WARN_EMPTY_BODY = YES;
				CLANG_WARN_ENUM_CONVERSION = YES;
				CLANG_WARN_INFINITE_RECURSION = YES;
				CLANG_WARN_INT_CONVERSION = YES;
				CLANG_WARN_NON_LITERAL_NULL_CONVERSION = YES;
				CLANG_WARN_OBJC_LITERAL_CONVERSION = YES;
				CLANG_WARN_OBJC_ROOT_CLASS = YES_ERROR;
				CLANG_WARN_RANGE_LOOP_ANALYSIS = YES;
				CLANG_WARN_STRICT_PROTOTYPES = YES;
				CLANG_WARN_SUSPICIOUS_MOVE = YES;
				CLANG_WARN_UNGUARDED_AVAILABILITY = YES_AGGRESSIVE;
				CLANG_WARN_UNREACHABLE_CODE = YES;
				CLANG_WARN__DUPLICATE_METHOD_MATCH = YES;
				CODE_SIGN_IDENTITY = "iPhone Developer";
				COPY_PHASE_STRIP = NO;
				DEBUG_INFORMATION_FORMAT = dwarf;
				ENABLE_STRICT_OBJC_MSGSEND = YES;
				ENABLE_TESTABILITY = YES;
				GCC_C_LANGUAGE_STANDARD = gnu11;
				GCC_DYNAMIC_NO_PIC = NO;
				GCC_NO_COMMON_BLOCKS = YES;
				GCC_OPTIMIZATION_LEVEL = 0;
				GCC_PREPROCESSOR_DEFINITIONS = (
					"DEBUG=1",
					"$(inherited)",
				);
				GCC_WARN_64_TO_32_BIT_CONVERSION = YES;
				GCC_WARN_ABOUT_RETURN_TYPE = YES_ERROR;
				GCC_WARN_UNDECLARED_SELECTOR = YES;
				GCC_WARN_UNINITIALIZED_AUTOS = YES_AGGRESSIVE;
				GCC_WARN_UNUSED_FUNCTION = YES;
				GCC_WARN_UNUSED_VARIABLE = YES;
				IPHONEOS_DEPLOYMENT_TARGET = 11.2;
				MTL_ENABLE_DEBUG_INFO = YES;
				ONLY_ACTIVE_ARCH = YES;
				SDKROOT = iphoneos;
				SWIFT_ACTIVE_COMPILATION_CONDITIONS = DEBUG;
				SWIFT_OPTIMIZATION_LEVEL = "-Onone";
			};
			name = Debug;
		};
		EED1881E206F5E5100E85ACB /* Release */ = {
			isa = XCBuildConfiguration;
			buildSettings = {
				ALWAYS_SEARCH_USER_PATHS = NO;
				CLANG_ANALYZER_NONNULL = YES;
				CLANG_ANALYZER_NUMBER_OBJECT_CONVERSION = YES_AGGRESSIVE;
				CLANG_CXX_LANGUAGE_STANDARD = "gnu++14";
				CLANG_CXX_LIBRARY = "libc++";
				CLANG_ENABLE_MODULES = YES;
				CLANG_ENABLE_OBJC_ARC = YES;
				CLANG_WARN_BLOCK_CAPTURE_AUTORELEASING = YES;
				CLANG_WARN_BOOL_CONVERSION = YES;
				CLANG_WARN_COMMA = YES;
				CLANG_WARN_CONSTANT_CONVERSION = YES;
				CLANG_WARN_DIRECT_OBJC_ISA_USAGE = YES_ERROR;
				CLANG_WARN_DOCUMENTATION_COMMENTS = YES;
				CLANG_WARN_EMPTY_BODY = YES;
				CLANG_WARN_ENUM_CONVERSION = YES;
				CLANG_WARN_INFINITE_RECURSION = YES;
				CLANG_WARN_INT_CONVERSION = YES;
				CLANG_WARN_NON_LITERAL_NULL_CONVERSION = YES;
				CLANG_WARN_OBJC_LITERAL_CONVERSION = YES;
				CLANG_WARN_OBJC_ROOT_CLASS = YES_ERROR;
				CLANG_WARN_RANGE_LOOP_ANALYSIS = YES;
				CLANG_WARN_STRICT_PROTOTYPES = YES;
				CLANG_WARN_SUSPICIOUS_MOVE = YES;
				CLANG_WARN_UNGUARDED_AVAILABILITY = YES_AGGRESSIVE;
				CLANG_WARN_UNREACHABLE_CODE = YES;
				CLANG_WARN__DUPLICATE_METHOD_MATCH = YES;
				CODE_SIGN_IDENTITY = "iPhone Developer";
				COPY_PHASE_STRIP = NO;
				DEBUG_INFORMATION_FORMAT = "dwarf-with-dsym";
				ENABLE_NS_ASSERTIONS = NO;
				ENABLE_STRICT_OBJC_MSGSEND = YES;
				GCC_C_LANGUAGE_STANDARD = gnu11;
				GCC_NO_COMMON_BLOCKS = YES;
				GCC_WARN_64_TO_32_BIT_CONVERSION = YES;
				GCC_WARN_ABOUT_RETURN_TYPE = YES_ERROR;
				GCC_WARN_UNDECLARED_SELECTOR = YES;
				GCC_WARN_UNINITIALIZED_AUTOS = YES_AGGRESSIVE;
				GCC_WARN_UNUSED_FUNCTION = YES;
				GCC_WARN_UNUSED_VARIABLE = YES;
				IPHONEOS_DEPLOYMENT_TARGET = 11.2;
				MTL_ENABLE_DEBUG_INFO = NO;
				SDKROOT = iphoneos;
				SWIFT_OPTIMIZATION_LEVEL = "-Owholemodule";
				VALIDATE_PRODUCT = YES;
			};
			name = Release;
		};
		EED18820206F5E5100E85ACB /* Debug */ = {
			isa = XCBuildConfiguration;
			baseConfigurationReference = 820A91D1DDB4CC6C3C51459A /* Pods-Ryder.debug.xcconfig */;
			buildSettings = {
				ASSETCATALOG_COMPILER_APPICON_NAME = AppIcon;
				CODE_SIGN_ENTITLEMENTS = Ryder/Ryder.entitlements;
				CODE_SIGN_STYLE = Automatic;
				DEVELOPMENT_TEAM = 35RJCBGV7U;
				INFOPLIST_FILE = Ryder/Info.plist;
				IPHONEOS_DEPLOYMENT_TARGET = 10.0;
				LD_RUNPATH_SEARCH_PATHS = "$(inherited) @executable_path/Frameworks";
				PRODUCT_BUNDLE_IDENTIFIER = com.GENT.Ryder;
				PRODUCT_NAME = "$(TARGET_NAME)";
				SWIFT_VERSION = 4.0;
				TARGETED_DEVICE_FAMILY = "1,2";
			};
			name = Debug;
		};
		EED18821206F5E5100E85ACB /* Release */ = {
			isa = XCBuildConfiguration;
			baseConfigurationReference = 45EC3F95611AE72A884EF50A /* Pods-Ryder.release.xcconfig */;
			buildSettings = {
				ASSETCATALOG_COMPILER_APPICON_NAME = AppIcon;
				CODE_SIGN_ENTITLEMENTS = Ryder/Ryder.entitlements;
				CODE_SIGN_STYLE = Automatic;
				DEVELOPMENT_TEAM = 35RJCBGV7U;
				INFOPLIST_FILE = Ryder/Info.plist;
				IPHONEOS_DEPLOYMENT_TARGET = 10.0;
				LD_RUNPATH_SEARCH_PATHS = "$(inherited) @executable_path/Frameworks";
				PRODUCT_BUNDLE_IDENTIFIER = com.GENT.Ryder;
				PRODUCT_NAME = "$(TARGET_NAME)";
				SWIFT_VERSION = 4.0;
				TARGETED_DEVICE_FAMILY = "1,2";
			};
			name = Release;
		};
		EED18823206F5E5100E85ACB /* Debug */ = {
			isa = XCBuildConfiguration;
			baseConfigurationReference = A0B0921D7D0EDA36D595F8E1 /* Pods-RyderTests.debug.xcconfig */;
			buildSettings = {
				ALWAYS_EMBED_SWIFT_STANDARD_LIBRARIES = YES;
				BUNDLE_LOADER = "$(TEST_HOST)";
				CODE_SIGN_STYLE = Automatic;
				INFOPLIST_FILE = RyderTests/Info.plist;
				LD_RUNPATH_SEARCH_PATHS = "$(inherited) @executable_path/Frameworks @loader_path/Frameworks";
				PRODUCT_BUNDLE_IDENTIFIER = com.GENT.RyderTests;
				PRODUCT_NAME = "$(TARGET_NAME)";
				SWIFT_VERSION = 4.0;
				TARGETED_DEVICE_FAMILY = "1,2";
				TEST_HOST = "$(BUILT_PRODUCTS_DIR)/Ryder.app/Ryder";
			};
			name = Debug;
		};
		EED18824206F5E5100E85ACB /* Release */ = {
			isa = XCBuildConfiguration;
			baseConfigurationReference = 04CD8FC5262D5EEA27BB547B /* Pods-RyderTests.release.xcconfig */;
			buildSettings = {
				ALWAYS_EMBED_SWIFT_STANDARD_LIBRARIES = YES;
				BUNDLE_LOADER = "$(TEST_HOST)";
				CODE_SIGN_STYLE = Automatic;
				INFOPLIST_FILE = RyderTests/Info.plist;
				LD_RUNPATH_SEARCH_PATHS = "$(inherited) @executable_path/Frameworks @loader_path/Frameworks";
				PRODUCT_BUNDLE_IDENTIFIER = com.GENT.RyderTests;
				PRODUCT_NAME = "$(TARGET_NAME)";
				SWIFT_VERSION = 4.0;
				TARGETED_DEVICE_FAMILY = "1,2";
				TEST_HOST = "$(BUILT_PRODUCTS_DIR)/Ryder.app/Ryder";
			};
			name = Release;
		};
		EED18826206F5E5100E85ACB /* Debug */ = {
			isa = XCBuildConfiguration;
			baseConfigurationReference = 4C19C1A8354EBC97C1CC95CC /* Pods-RyderUITests.debug.xcconfig */;
			buildSettings = {
				ALWAYS_EMBED_SWIFT_STANDARD_LIBRARIES = YES;
				CODE_SIGN_STYLE = Automatic;
				INFOPLIST_FILE = RyderUITests/Info.plist;
				LD_RUNPATH_SEARCH_PATHS = "$(inherited) @executable_path/Frameworks @loader_path/Frameworks";
				PRODUCT_BUNDLE_IDENTIFIER = com.GENT.RyderUITests;
				PRODUCT_NAME = "$(TARGET_NAME)";
				SWIFT_VERSION = 4.0;
				TARGETED_DEVICE_FAMILY = "1,2";
				TEST_TARGET_NAME = Ryder;
			};
			name = Debug;
		};
		EED18827206F5E5100E85ACB /* Release */ = {
			isa = XCBuildConfiguration;
			baseConfigurationReference = 5E51BAE9E63ECEA6DC46C057 /* Pods-RyderUITests.release.xcconfig */;
			buildSettings = {
				ALWAYS_EMBED_SWIFT_STANDARD_LIBRARIES = YES;
				CODE_SIGN_STYLE = Automatic;
				INFOPLIST_FILE = RyderUITests/Info.plist;
				LD_RUNPATH_SEARCH_PATHS = "$(inherited) @executable_path/Frameworks @loader_path/Frameworks";
				PRODUCT_BUNDLE_IDENTIFIER = com.GENT.RyderUITests;
				PRODUCT_NAME = "$(TARGET_NAME)";
				SWIFT_VERSION = 4.0;
				TARGETED_DEVICE_FAMILY = "1,2";
				TEST_TARGET_NAME = Ryder;
			};
			name = Release;
		};
/* End XCBuildConfiguration section */

/* Begin XCConfigurationList section */
		EED187F2206F5E4F00E85ACB /* Build configuration list for PBXProject "Ryder" */ = {
			isa = XCConfigurationList;
			buildConfigurations = (
				EED1881D206F5E5100E85ACB /* Debug */,
				EED1881E206F5E5100E85ACB /* Release */,
			);
			defaultConfigurationIsVisible = 0;
			defaultConfigurationName = Release;
		};
		EED1881F206F5E5100E85ACB /* Build configuration list for PBXNativeTarget "Ryder" */ = {
			isa = XCConfigurationList;
			buildConfigurations = (
				EED18820206F5E5100E85ACB /* Debug */,
				EED18821206F5E5100E85ACB /* Release */,
			);
			defaultConfigurationIsVisible = 0;
			defaultConfigurationName = Release;
		};
		EED18822206F5E5100E85ACB /* Build configuration list for PBXNativeTarget "RyderTests" */ = {
			isa = XCConfigurationList;
			buildConfigurations = (
				EED18823206F5E5100E85ACB /* Debug */,
				EED18824206F5E5100E85ACB /* Release */,
			);
			defaultConfigurationIsVisible = 0;
			defaultConfigurationName = Release;
		};
		EED18825206F5E5100E85ACB /* Build configuration list for PBXNativeTarget "RyderUITests" */ = {
			isa = XCConfigurationList;
			buildConfigurations = (
				EED18826206F5E5100E85ACB /* Debug */,
				EED18827206F5E5100E85ACB /* Release */,
			);
			defaultConfigurationIsVisible = 0;
			defaultConfigurationName = Release;
		};
/* End XCConfigurationList section */
	};
	rootObject = EED187EF206F5E4F00E85ACB /* Project object */;
}
